
Microsoft Visual Studio Solution File, Format Version 12.00
# Visual Studio Version 16
VisualStudioVersion = 16.0.30320.27
MinimumVisualStudioVersion = 10.0.40219.1
Project("{FAE04EC0-301F-11D3-BF4B-00C04F79EFBC}") = "student", "student\student.csproj", "{40683862-59F5-45F9-970B-737FA7249E4B}"
EndProject
Project("{FAE04EC0-301F-11D3-BF4B-00C04F79EFBC}") = "studentTests", "studentTests\studentTests.csproj", "{4A321386-BD2E-4A6D-8DDE-8215ADB2FFB0}"
EndProject
Global
	GlobalSection(SolutionConfigurationPlatforms) = preSolution
		Debug|Any CPU = Debug|Any CPU
		Release|Any CPU = Release|Any CPU
	EndGlobalSection
	GlobalSection(ProjectConfigurationPlatforms) = postSolution
		{40683862-59F5-45F9-970B-737FA7249E4B}.Debug|Any CPU.ActiveCfg = Debug|Any CPU
		{40683862-59F5-45F9-970B-737FA7249E4B}.Debug|Any CPU.Build.0 = Debug|Any CPU
		{40683862-59F5-45F9-970B-737FA7249E4B}.Release|Any CPU.ActiveCfg = Release|Any CPU
		{40683862-59F5-45F9-970B-737FA7249E4B}.Release|Any CPU.Build.0 = Release|Any CPU
		{4A321386-BD2E-4A6D-8DDE-8215ADB2FFB0}.Debug|Any CPU.ActiveCfg = Debug|Any CPU
		{4A321386-BD2E-4A6D-8DDE-8215ADB2FFB0}.Debug|Any CPU.Build.0 = Debug|Any CPU
		{4A321386-BD2E-4A6D-8DDE-8215ADB2FFB0}.Release|Any CPU.ActiveCfg = Release|Any CPU
		{4A321386-BD2E-4A6D-8DDE-8215ADB2FFB0}.Release|Any CPU.Build.0 = Release|Any CPU
	EndGlobalSection
	GlobalSection(SolutionProperties) = preSolution
		HideSolutionNode = FALSE
	EndGlobalSection
	GlobalSection(ExtensibilityGlobals) = postSolution
		SolutionGuid = {99EDC822-F42D-427A-AFBE-6A259AD8822A}
	EndGlobalSection
EndGlobal
